// !$*UTF8*$!
{
	archiveVersion = 1;
	classes = {
	};
	objectVersion = 46;
	objects = {

/* Begin PBXBuildFile section */
		92C8605C1D92DAF900C3ED32 /* ProjetTri.c in Sources */ = {isa = PBXBuildFile; fileRef = 92C8605B1D92DAF900C3ED32 /* ProjetTri.c */; };
		92C860661D92DB2A00C3ED32 /* TriArbreBin.c in Sources */ = {isa = PBXBuildFile; fileRef = 92C8605D1D92DB2A00C3ED32 /* TriArbreBin.c */; };
		92C860671D92DB2A00C3ED32 /* TriBulles.c in Sources */ = {isa = PBXBuildFile; fileRef = 92C8605E1D92DB2A00C3ED32 /* TriBulles.c */; };
		92C860681D92DB2A00C3ED32 /* TriFusion.c in Sources */ = {isa = PBXBuildFile; fileRef = 92C8605F1D92DB2A00C3ED32 /* TriFusion.c */; };
		92C860691D92DB2A00C3ED32 /* TriInsertDicho.c in Sources */ = {isa = PBXBuildFile; fileRef = 92C860601D92DB2A00C3ED32 /* TriInsertDicho.c */; };
		92C8606A1D92DB2A00C3ED32 /* TriInsertSeq.c in Sources */ = {isa = PBXBuildFile; fileRef = 92C860611D92DB2A00C3ED32 /* TriInsertSeq.c */; };
		92C8606B1D92DB2A00C3ED32 /* TriRapide.c in Sources */ = {isa = PBXBuildFile; fileRef = 92C860621D92DB2A00C3ED32 /* TriRapide.c */; };
		92C8606C1D92DB2A00C3ED32 /* TriSelecPerm.c in Sources */ = {isa = PBXBuildFile; fileRef = 92C860631D92DB2A00C3ED32 /* TriSelecPerm.c */; };
		92C8606D1D92DB2A00C3ED32 /* TriTas.c in Sources */ = {isa = PBXBuildFile; fileRef = 92C860641D92DB2A00C3ED32 /* TriTas.c */; };
		92C8606E1D92DB2A00C3ED32 /* util.c in Sources */ = {isa = PBXBuildFile; fileRef = 92C860651D92DB2A00C3ED32 /* util.c */; };
		92CE85771D92F26A0092D2FC /* ExecuteBenchmark.c in Sources */ = {isa = PBXBuildFile; fileRef = 92CE85761D92F26A0092D2FC /* ExecuteBenchmark.c */; };
/* End PBXBuildFile section */

/* Begin PBXCopyFilesBuildPhase section */
		92C8604F1D92D9C300C3ED32 /* CopyFiles */ = {
			isa = PBXCopyFilesBuildPhase;
			buildActionMask = 2147483647;
			dstPath = /usr/share/man/man1/;
			dstSubfolderSpec = 0;
			files = (
			);
			runOnlyForDeploymentPostprocessing = 1;
		};
/* End PBXCopyFilesBuildPhase section */

/* Begin PBXFileReference section */
		92C860511D92D9C300C3ED32 /* Tri */ = {isa = PBXFileReference; explicitFileType = "compiled.mach-o.executable"; includeInIndex = 0; path = Tri; sourceTree = BUILT_PRODUCTS_DIR; };
		92C8605B1D92DAF900C3ED32 /* ProjetTri.c */ = {isa = PBXFileReference; fileEncoding = 4; lastKnownFileType = sourcecode.c.c; path = ProjetTri.c; sourceTree = "<group>"; };
		92C8605D1D92DB2A00C3ED32 /* TriArbreBin.c */ = {isa = PBXFileReference; fileEncoding = 4; lastKnownFileType = sourcecode.c.c; path = TriArbreBin.c; sourceTree = "<group>"; };
		92C8605E1D92DB2A00C3ED32 /* TriBulles.c */ = {isa = PBXFileReference; fileEncoding = 4; lastKnownFileType = sourcecode.c.c; path = TriBulles.c; sourceTree = "<group>"; };
		92C8605F1D92DB2A00C3ED32 /* TriFusion.c */ = {isa = PBXFileReference; fileEncoding = 4; lastKnownFileType = sourcecode.c.c; path = TriFusion.c; sourceTree = "<group>"; };
		92C860601D92DB2A00C3ED32 /* TriInsertDicho.c */ = {isa = PBXFileReference; fileEncoding = 4; lastKnownFileType = sourcecode.c.c; path = TriInsertDicho.c; sourceTree = "<group>"; };
		92C860611D92DB2A00C3ED32 /* TriInsertSeq.c */ = {isa = PBXFileReference; fileEncoding = 4; lastKnownFileType = sourcecode.c.c; path = TriInsertSeq.c; sourceTree = "<group>"; };
		92C860621D92DB2A00C3ED32 /* TriRapide.c */ = {isa = PBXFileReference; fileEncoding = 4; lastKnownFileType = sourcecode.c.c; path = TriRapide.c; sourceTree = "<group>"; };
		92C860631D92DB2A00C3ED32 /* TriSelecPerm.c */ = {isa = PBXFileReference; fileEncoding = 4; lastKnownFileType = sourcecode.c.c; path = TriSelecPerm.c; sourceTree = "<group>"; };
		92C860641D92DB2A00C3ED32 /* TriTas.c */ = {isa = PBXFileReference; fileEncoding = 4; lastKnownFileType = sourcecode.c.c; path = TriTas.c; sourceTree = "<group>"; };
		92C860651D92DB2A00C3ED32 /* util.c */ = {isa = PBXFileReference; fileEncoding = 4; lastKnownFileType = sourcecode.c.c; path = util.c; sourceTree = "<group>"; };
		92C860711D92DC1300C3ED32 /* TriArbreBin.h */ = {isa = PBXFileReference; lastKnownFileType = sourcecode.c.h; path = TriArbreBin.h; sourceTree = "<group>"; };
		92C860721D92DC1300C3ED32 /* TriBulles.h */ = {isa = PBXFileReference; lastKnownFileType = sourcecode.c.h; path = TriBulles.h; sourceTree = "<group>"; };
		92C860731D92DC1300C3ED32 /* TriFusion.h */ = {isa = PBXFileReference; lastKnownFileType = sourcecode.c.h; path = TriFusion.h; sourceTree = "<group>"; };
		92C860741D92DC1300C3ED32 /* TriInsertDicho.h */ = {isa = PBXFileReference; lastKnownFileType = sourcecode.c.h; path = TriInsertDicho.h; sourceTree = "<group>"; };
		92C860751D92DC1300C3ED32 /* TriInsertSeq.h */ = {isa = PBXFileReference; lastKnownFileType = sourcecode.c.h; path = TriInsertSeq.h; sourceTree = "<group>"; };
		92C860761D92DC1300C3ED32 /* TriRapide.h */ = {isa = PBXFileReference; lastKnownFileType = sourcecode.c.h; path = TriRapide.h; sourceTree = "<group>"; };
		92C860771D92DC1300C3ED32 /* TriSelecPerm.h */ = {isa = PBXFileReference; lastKnownFileType = sourcecode.c.h; path = TriSelecPerm.h; sourceTree = "<group>"; };
		92C860781D92DC1300C3ED32 /* TriTas.h */ = {isa = PBXFileReference; lastKnownFileType = sourcecode.c.h; path = TriTas.h; sourceTree = "<group>"; };
		92C860791D92DC1300C3ED32 /* util.h */ = {isa = PBXFileReference; lastKnownFileType = sourcecode.c.h; path = util.h; sourceTree = "<group>"; };
		92C8607E1D92E2AF00C3ED32 /* TestTri.xctest */ = {isa = PBXFileReference; explicitFileType = wrapper.cfbundle; includeInIndex = 0; path = TestTri.xctest; sourceTree = BUILT_PRODUCTS_DIR; };
		92CE85751D92F26A0092D2FC /* ExecuteBenchmark.h */ = {isa = PBXFileReference; fileEncoding = 4; lastKnownFileType = sourcecode.c.h; path = ExecuteBenchmark.h; sourceTree = "<group>"; };
		92CE85761D92F26A0092D2FC /* ExecuteBenchmark.c */ = {isa = PBXFileReference; fileEncoding = 4; lastKnownFileType = sourcecode.c.c; path = ExecuteBenchmark.c; sourceTree = "<group>"; };
/* End PBXFileReference section */

/* Begin PBXFrameworksBuildPhase section */
		92C8604E1D92D9C300C3ED32 /* Frameworks */ = {
			isa = PBXFrameworksBuildPhase;
			buildActionMask = 2147483647;
			files = (
			);
			runOnlyForDeploymentPostprocessing = 0;
		};
		92C8607B1D92E2AF00C3ED32 /* Frameworks */ = {
			isa = PBXFrameworksBuildPhase;
			buildActionMask = 2147483647;
			files = (
			);
			runOnlyForDeploymentPostprocessing = 0;
		};
/* End PBXFrameworksBuildPhase section */

/* Begin PBXGroup section */
		92C860481D92D9C300C3ED32 = {
			isa = PBXGroup;
			children = (
				92C860531D92D9C300C3ED32 /* Tri */,
				92C860521D92D9C300C3ED32 /* Products */,
			);
			sourceTree = "<group>";
		};
		92C860521D92D9C300C3ED32 /* Products */ = {
			isa = PBXGroup;
			children = (
				92C860511D92D9C300C3ED32 /* Tri */,
				92C8607E1D92E2AF00C3ED32 /* TestTri.xctest */,
			);
			name = Products;
			sourceTree = "<group>";
		};
		92C860531D92D9C300C3ED32 /* Tri */ = {
			isa = PBXGroup;
			children = (
				92C860701D92DC0400C3ED32 /* inc */,
				92C8606F1D92DBF200C3ED32 /* src */,
			);
			path = Tri;
			sourceTree = "<group>";
		};
		92C8606F1D92DBF200C3ED32 /* src */ = {
			isa = PBXGroup;
			children = (
				92CE85761D92F26A0092D2FC /* ExecuteBenchmark.c */,
				92C8605B1D92DAF900C3ED32 /* ProjetTri.c */,
				92C8605D1D92DB2A00C3ED32 /* TriArbreBin.c */,
				92C8605E1D92DB2A00C3ED32 /* TriBulles.c */,
				92C8605F1D92DB2A00C3ED32 /* TriFusion.c */,
				92C860601D92DB2A00C3ED32 /* TriInsertDicho.c */,
				92C860611D92DB2A00C3ED32 /* TriInsertSeq.c */,
				92C860621D92DB2A00C3ED32 /* TriRapide.c */,
				92C860631D92DB2A00C3ED32 /* TriSelecPerm.c */,
				92C860641D92DB2A00C3ED32 /* TriTas.c */,
				92C860651D92DB2A00C3ED32 /* util.c */,
			);
			name = src;
			sourceTree = "<group>";
		};
		92C860701D92DC0400C3ED32 /* inc */ = {
			isa = PBXGroup;
			children = (
				92C860711D92DC1300C3ED32 /* TriArbreBin.h */,
				92C860721D92DC1300C3ED32 /* TriBulles.h */,
				92C860731D92DC1300C3ED32 /* TriFusion.h */,
				92C860741D92DC1300C3ED32 /* TriInsertDicho.h */,
				92C860751D92DC1300C3ED32 /* TriInsertSeq.h */,
				92CE85751D92F26A0092D2FC /* ExecuteBenchmark.h */,
				92C860761D92DC1300C3ED32 /* TriRapide.h */,
				92C860771D92DC1300C3ED32 /* TriSelecPerm.h */,
				92C860781D92DC1300C3ED32 /* TriTas.h */,
				92C860791D92DC1300C3ED32 /* util.h */,
			);
			name = inc;
			sourceTree = "<group>";
		};
/* End PBXGroup section */

/* Begin PBXNativeTarget section */
		92C860501D92D9C300C3ED32 /* Tri */ = {
			isa = PBXNativeTarget;
			buildConfigurationList = 92C860581D92D9C300C3ED32 /* Build configuration list for PBXNativeTarget "Tri" */;
			buildPhases = (
				92C8604D1D92D9C300C3ED32 /* Sources */,
				92C8604E1D92D9C300C3ED32 /* Frameworks */,
				92C8604F1D92D9C300C3ED32 /* CopyFiles */,
			);
			buildRules = (
			);
			dependencies = (
			);
			name = Tri;
			productName = Tri;
			productReference = 92C860511D92D9C300C3ED32 /* Tri */;
			productType = "com.apple.product-type.tool";
		};
		92C8607D1D92E2AF00C3ED32 /* TestTri */ = {
			isa = PBXNativeTarget;
			buildConfigurationList = 92C860831D92E2AF00C3ED32 /* Build configuration list for PBXNativeTarget "TestTri" */;
			buildPhases = (
				92C8607A1D92E2AF00C3ED32 /* Sources */,
				92C8607B1D92E2AF00C3ED32 /* Frameworks */,
				92C8607C1D92E2AF00C3ED32 /* Resources */,
			);
			buildRules = (
			);
			dependencies = (
			);
			name = TestTri;
			productName = TestTri;
			productReference = 92C8607E1D92E2AF00C3ED32 /* TestTri.xctest */;
			productType = "com.apple.product-type.bundle.unit-test";
		};
/* End PBXNativeTarget section */

/* Begin PBXProject section */
		92C860491D92D9C300C3ED32 /* Project object */ = {
			isa = PBXProject;
			attributes = {
				LastSwiftUpdateCheck = 0800;
				LastUpgradeCheck = 0800;
				ORGANIZATIONNAME = AnthonyBertrant_BriceMaussang;
				TargetAttributes = {
					92C860501D92D9C300C3ED32 = {
						CreatedOnToolsVersion = 8.0;
						ProvisioningStyle = Automatic;
					};
					92C8607D1D92E2AF00C3ED32 = {
						CreatedOnToolsVersion = 8.0;
						ProvisioningStyle = Automatic;
					};
				};
			};
			buildConfigurationList = 92C8604C1D92D9C300C3ED32 /* Build configuration list for PBXProject "Tri" */;
			compatibilityVersion = "Xcode 3.2";
			developmentRegion = English;
			hasScannedForEncodings = 0;
			knownRegions = (
				en,
			);
			mainGroup = 92C860481D92D9C300C3ED32;
			productRefGroup = 92C860521D92D9C300C3ED32 /* Products */;
			projectDirPath = "";
			projectRoot = "";
			targets = (
				92C860501D92D9C300C3ED32 /* Tri */,
				92C8607D1D92E2AF00C3ED32 /* TestTri */,
			);
		};
/* End PBXProject section */

/* Begin PBXResourcesBuildPhase section */
		92C8607C1D92E2AF00C3ED32 /* Resources */ = {
			isa = PBXResourcesBuildPhase;
			buildActionMask = 2147483647;
			files = (
			);
			runOnlyForDeploymentPostprocessing = 0;
		};
/* End PBXResourcesBuildPhase section */

/* Begin PBXSourcesBuildPhase section */
		92C8604D1D92D9C300C3ED32 /* Sources */ = {
			isa = PBXSourcesBuildPhase;
			buildActionMask = 2147483647;
			files = (
				92C860661D92DB2A00C3ED32 /* TriArbreBin.c in Sources */,
				92C8605C1D92DAF900C3ED32 /* ProjetTri.c in Sources */,
				92C8606A1D92DB2A00C3ED32 /* TriInsertSeq.c in Sources */,
				92C8606D1D92DB2A00C3ED32 /* TriTas.c in Sources */,
				92C860691D92DB2A00C3ED32 /* TriInsertDicho.c in Sources */,
				92CE85771D92F26A0092D2FC /* ExecuteBenchmark.c in Sources */,
				92C8606E1D92DB2A00C3ED32 /* util.c in Sources */,
				92C860671D92DB2A00C3ED32 /* TriBulles.c in Sources */,
				92C8606B1D92DB2A00C3ED32 /* TriRapide.c in Sources */,
				92C8606C1D92DB2A00C3ED32 /* TriSelecPerm.c in Sources */,
				92C860681D92DB2A00C3ED32 /* TriFusion.c in Sources */,
			);
			runOnlyForDeploymentPostprocessing = 0;
		};
		92C8607A1D92E2AF00C3ED32 /* Sources */ = {
			isa = PBXSourcesBuildPhase;
			buildActionMask = 2147483647;
			files = (
			);
			runOnlyForDeploymentPostprocessing = 0;
		};
/* End PBXSourcesBuildPhase section */

/* Begin XCBuildConfiguration section */
		92C860561D92D9C300C3ED32 /* Debug */ = {
			isa = XCBuildConfiguration;
			buildSettings = {
				ALWAYS_SEARCH_USER_PATHS = NO;
				CLANG_ANALYZER_NONNULL = YES;
				CLANG_CXX_LANGUAGE_STANDARD = "gnu++0x";
				CLANG_CXX_LIBRARY = "libc++";
				CLANG_ENABLE_MODULES = YES;
				CLANG_ENABLE_OBJC_ARC = YES;
				CLANG_WARN_BOOL_CONVERSION = YES;
				CLANG_WARN_CONSTANT_CONVERSION = YES;
				CLANG_WARN_DIRECT_OBJC_ISA_USAGE = YES_ERROR;
				CLANG_WARN_DOCUMENTATION_COMMENTS = YES;
				CLANG_WARN_EMPTY_BODY = YES;
				CLANG_WARN_ENUM_CONVERSION = YES;
				CLANG_WARN_INFINITE_RECURSION = YES;
				CLANG_WARN_INT_CONVERSION = YES;
				CLANG_WARN_OBJC_ROOT_CLASS = YES_ERROR;
				CLANG_WARN_SUSPICIOUS_MOVES = YES;
				CLANG_WARN_UNREACHABLE_CODE = YES;
				CLANG_WARN__DUPLICATE_METHOD_MATCH = YES;
				CODE_SIGN_IDENTITY = "-";
				COPY_PHASE_STRIP = NO;
				DEBUG_INFORMATION_FORMAT = dwarf;
				ENABLE_STRICT_OBJC_MSGSEND = YES;
				ENABLE_TESTABILITY = YES;
				GCC_C_LANGUAGE_STANDARD = gnu99;
				GCC_DYNAMIC_NO_PIC = NO;
				GCC_NO_COMMON_BLOCKS = YES;
				GCC_OPTIMIZATION_LEVEL = 0;
				GCC_PREPROCESSOR_DEFINITIONS = (
					"DEBUG=1",
					"$(inherited)",
				);
				GCC_WARN_64_TO_32_BIT_CONVERSION = YES;
				GCC_WARN_ABOUT_RETURN_TYPE = YES_ERROR;
				GCC_WARN_UNDECLARED_SELECTOR = YES;
				GCC_WARN_UNINITIALIZED_AUTOS = YES_AGGRESSIVE;
				GCC_WARN_UNUSED_FUNCTION = YES;
				GCC_WARN_UNUSED_VARIABLE = YES;
				MACOSX_DEPLOYMENT_TARGET = 10.11;
				MTL_ENABLE_DEBUG_INFO = YES;
				ONLY_ACTIVE_ARCH = YES;
				SDKROOT = macosx;
			};
			name = Debug;
		};
		92C860571D92D9C300C3ED32 /* Release */ = {
			isa = XCBuildConfiguration;
			buildSettings = {
				ALWAYS_SEARCH_USER_PATHS = NO;
				CLANG_ANALYZER_NONNULL = YES;
				CLANG_CXX_LANGUAGE_STANDARD = "gnu++0x";
				CLANG_CXX_LIBRARY = "libc++";
				CLANG_ENABLE_MODULES = YES;
				CLANG_ENABLE_OBJC_ARC = YES;
				CLANG_WARN_BOOL_CONVERSION = YES;
				CLANG_WARN_CONSTANT_CONVERSION = YES;
				CLANG_WARN_DIRECT_OBJC_ISA_USAGE = YES_ERROR;
				CLANG_WARN_DOCUMENTATION_COMMENTS = YES;
				CLANG_WARN_EMPTY_BODY = YES;
				CLANG_WARN_ENUM_CONVERSION = YES;
				CLANG_WARN_INFINITE_RECURSION = YES;
				CLANG_WARN_INT_CONVERSION = YES;
				CLANG_WARN_OBJC_ROOT_CLASS = YES_ERROR;
				CLANG_WARN_SUSPICIOUS_MOVES = YES;
				CLANG_WARN_UNREACHABLE_CODE = YES;
				CLANG_WARN__DUPLICATE_METHOD_MATCH = YES;
				CODE_SIGN_IDENTITY = "-";
				COPY_PHASE_STRIP = NO;
				DEBUG_INFORMATION_FORMAT = "dwarf-with-dsym";
				ENABLE_NS_ASSERTIONS = NO;
				ENABLE_STRICT_OBJC_MSGSEND = YES;
				GCC_C_LANGUAGE_STANDARD = gnu99;
				GCC_NO_COMMON_BLOCKS = YES;
				GCC_WARN_64_TO_32_BIT_CONVERSION = YES;
				GCC_WARN_ABOUT_RETURN_TYPE = YES_ERROR;
				GCC_WARN_UNDECLARED_SELECTOR = YES;
				GCC_WARN_UNINITIALIZED_AUTOS = YES_AGGRESSIVE;
				GCC_WARN_UNUSED_FUNCTION = YES;
				GCC_WARN_UNUSED_VARIABLE = YES;
				MACOSX_DEPLOYMENT_TARGET = 10.11;
				MTL_ENABLE_DEBUG_INFO = NO;
				SDKROOT = macosx;
			};
			name = Release;
		};
		92C860591D92D9C300C3ED32 /* Debug */ = {
			isa = XCBuildConfiguration;
			buildSettings = {
				PRODUCT_NAME = "$(TARGET_NAME)";
			};
			name = Debug;
		};
		92C8605A1D92D9C300C3ED32 /* Release */ = {
			isa = XCBuildConfiguration;
			buildSettings = {
				PRODUCT_NAME = "$(TARGET_NAME)";
			};
			name = Release;
		};
		92C860841D92E2AF00C3ED32 /* Debug */ = {
			isa = XCBuildConfiguration;
			buildSettings = {
				COMBINE_HIDPI_IMAGES = YES;
				INFOPLIST_FILE = TestTri/Info.plist;
				LD_RUNPATH_SEARCH_PATHS = "$(inherited) @executable_path/../Frameworks @loader_path/../Frameworks";
				PRODUCT_BUNDLE_IDENTIFIER = "AnthonyBertrant-BriceMaussang.TestTri";
				PRODUCT_NAME = "$(TARGET_NAME)";
				SWIFT_ACTIVE_COMPILATION_CONDITIONS = DEBUG;
				SWIFT_OPTIMIZATION_LEVEL = "-Onone";
				SWIFT_VERSION = 3.0;
			};
			name = Debug;
		};
		92C860851D92E2AF00C3ED32 /* Release */ = {
			isa = XCBuildConfiguration;
			buildSettings = {
				COMBINE_HIDPI_IMAGES = YES;
				INFOPLIST_FILE = TestTri/Info.plist;
				LD_RUNPATH_SEARCH_PATHS = "$(inherited) @executable_path/../Frameworks @loader_path/../Frameworks";
				PRODUCT_BUNDLE_IDENTIFIER = "AnthonyBertrant-BriceMaussang.TestTri";
				PRODUCT_NAME = "$(TARGET_NAME)";
				SWIFT_OPTIMIZATION_LEVEL = "-Owholemodule";
				SWIFT_VERSION = 3.0;
			};
			name = Release;
		};
/* End XCBuildConfiguration section */

/* Begin XCConfigurationList section */
		92C8604C1D92D9C300C3ED32 /* Build configuration list for PBXProject "Tri" */ = {
			isa = XCConfigurationList;
			buildConfigurations = (
				92C860561D92D9C300C3ED32 /* Debug */,
				92C860571D92D9C300C3ED32 /* Release */,
			);
			defaultConfigurationIsVisible = 0;
			defaultConfigurationName = Release;
		};
		92C860581D92D9C300C3ED32 /* Build configuration list for PBXNativeTarget "Tri" */ = {
			isa = XCConfigurationList;
			buildConfigurations = (
				92C860591D92D9C300C3ED32 /* Debug */,
				92C8605A1D92D9C300C3ED32 /* Release */,
			);
			defaultConfigurationIsVisible = 0;
			defaultConfigurationName = Release;
		};
		92C860831D92E2AF00C3ED32 /* Build configuration list for PBXNativeTarget "TestTri" */ = {
			isa = XCConfigurationList;
			buildConfigurations = (
				92C860841D92E2AF00C3ED32 /* Debug */,
				92C860851D92E2AF00C3ED32 /* Release */,
			);
			defaultConfigurationIsVisible = 0;
			defaultConfigurationName = Release;
		};
/* End XCConfigurationList section */
	};
	rootObject = 92C860491D92D9C300C3ED32 /* Project object */;
}
